
Microsoft Visual Studio Solution File, Format Version 12.00
# Visual Studio Version 17
VisualStudioVersion = 17.1.32210.238
MinimumVisualStudioVersion = 10.0.40219.1
Project("{888888A0-9F3D-457C-B088-3A5042F75D52}") = "web-resume-project", "web-resume-project.pyproj", "{766448A5-0F8E-4D29-B003-C42F05AF2DBC}"
EndProject
Global
	GlobalSection(SolutionConfigurationPlatforms) = preSolution
		Debug|Any CPU = Debug|Any CPU
		Release|Any CPU = Release|Any CPU
	EndGlobalSection
	GlobalSection(ProjectConfigurationPlatforms) = postSolution
		{766448A5-0F8E-4D29-B003-C42F05AF2DBC}.Debug|Any CPU.ActiveCfg = Debug|Any CPU
		{766448A5-0F8E-4D29-B003-C42F05AF2DBC}.Release|Any CPU.ActiveCfg = Release|Any CPU
	EndGlobalSection
	GlobalSection(SolutionProperties) = preSolution
		HideSolutionNode = FALSE
	EndGlobalSection
	GlobalSection(ExtensibilityGlobals) = postSolution
		SolutionGuid = {3AC40FD1-095F-4E8F-AF28-603BCE7F9D24}
	EndGlobalSection
EndGlobal
